// !$*UTF8*$!
{
	archiveVersion = 1;
	classes = {
	};
	objectVersion = 46;
	objects = {

/* Begin PBXBuildFile section */
		BA79B8EA1D67779E001C1C2F /* AppDelegate.swift in Sources */ = {isa = PBXBuildFile; fileRef = BA79B8E91D67779E001C1C2F /* AppDelegate.swift */; };
		BA79B8EC1D67779E001C1C2F /* ViewController.swift in Sources */ = {isa = PBXBuildFile; fileRef = BA79B8EB1D67779E001C1C2F /* ViewController.swift */; };
		BA79B8EF1D67779E001C1C2F /* Main.storyboard in Resources */ = {isa = PBXBuildFile; fileRef = BA79B8ED1D67779E001C1C2F /* Main.storyboard */; };
		BA79B8F11D67779E001C1C2F /* Assets.xcassets in Resources */ = {isa = PBXBuildFile; fileRef = BA79B8F01D67779E001C1C2F /* Assets.xcassets */; };
		BA79B8F41D67779E001C1C2F /* LaunchScreen.storyboard in Resources */ = {isa = PBXBuildFile; fileRef = BA79B8F21D67779E001C1C2F /* LaunchScreen.storyboard */; };
		BA79B9051D6777EE001C1C2F /* BorderedTextView.swift in Sources */ = {isa = PBXBuildFile; fileRef = BA79B8FB1D6777EE001C1C2F /* BorderedTextView.swift */; };
		BA79B9081D6777EE001C1C2F /* PlaceholderTextView.swift in Sources */ = {isa = PBXBuildFile; fileRef = BA79B8FE1D6777EE001C1C2F /* PlaceholderTextView.swift */; };
		BA79B9091D6777EE001C1C2F /* RoundedCornerButton.swift in Sources */ = {isa = PBXBuildFile; fileRef = BA79B8FF1D6777EE001C1C2F /* RoundedCornerButton.swift */; };
		BA79B90A1D6777EE001C1C2F /* RoundedCornerView.swift in Sources */ = {isa = PBXBuildFile; fileRef = BA79B9001D6777EE001C1C2F /* RoundedCornerView.swift */; };
		BA79B90B1D6777EE001C1C2F /* RoundImageView.swift in Sources */ = {isa = PBXBuildFile; fileRef = BA79B9011D6777EE001C1C2F /* RoundImageView.swift */; };
		BA79B90C1D6777EE001C1C2F /* SelectableButton.swift in Sources */ = {isa = PBXBuildFile; fileRef = BA79B9021D6777EE001C1C2F /* SelectableButton.swift */; };
		BA79B90E1D6777EE001C1C2F /* StackedButton.swift in Sources */ = {isa = PBXBuildFile; fileRef = BA79B9041D6777EE001C1C2F /* StackedButton.swift */; };
		BAEFDE201D6A20BC00481FD0 /* BetterSlider.swift in Sources */ = {isa = PBXBuildFile; fileRef = BAEFDE1F1D6A20BC00481FD0 /* BetterSlider.swift */; };
		BAEFDE221D6A215900481FD0 /* UIView+Image.swift in Sources */ = {isa = PBXBuildFile; fileRef = BAEFDE211D6A215900481FD0 /* UIView+Image.swift */; };
/* End PBXBuildFile section */

/* Begin PBXFileReference section */
		BA79B8E61D67779E001C1C2F /* CustomControls.app */ = {isa = PBXFileReference; explicitFileType = wrapper.application; includeInIndex = 0; path = CustomControls.app; sourceTree = BUILT_PRODUCTS_DIR; };
		BA79B8E91D67779E001C1C2F /* AppDelegate.swift */ = {isa = PBXFileReference; lastKnownFileType = sourcecode.swift; path = AppDelegate.swift; sourceTree = "<group>"; };
		BA79B8EB1D67779E001C1C2F /* ViewController.swift */ = {isa = PBXFileReference; lastKnownFileType = sourcecode.swift; path = ViewController.swift; sourceTree = "<group>"; };
		BA79B8EE1D67779E001C1C2F /* Base */ = {isa = PBXFileReference; lastKnownFileType = file.storyboard; name = Base; path = Base.lproj/Main.storyboard; sourceTree = "<group>"; };
		BA79B8F01D67779E001C1C2F /* Assets.xcassets */ = {isa = PBXFileReference; lastKnownFileType = folder.assetcatalog; path = Assets.xcassets; sourceTree = "<group>"; };
		BA79B8F31D67779E001C1C2F /* Base */ = {isa = PBXFileReference; lastKnownFileType = file.storyboard; name = Base; path = Base.lproj/LaunchScreen.storyboard; sourceTree = "<group>"; };
		BA79B8F51D67779E001C1C2F /* Info.plist */ = {isa = PBXFileReference; lastKnownFileType = text.plist.xml; path = Info.plist; sourceTree = "<group>"; };
		BA79B8FB1D6777EE001C1C2F /* BorderedTextView.swift */ = {isa = PBXFileReference; fileEncoding = 4; lastKnownFileType = sourcecode.swift; path = BorderedTextView.swift; sourceTree = "<group>"; };
		BA79B8FE1D6777EE001C1C2F /* PlaceholderTextView.swift */ = {isa = PBXFileReference; fileEncoding = 4; lastKnownFileType = sourcecode.swift; path = PlaceholderTextView.swift; sourceTree = "<group>"; };
		BA79B8FF1D6777EE001C1C2F /* RoundedCornerButton.swift */ = {isa = PBXFileReference; fileEncoding = 4; lastKnownFileType = sourcecode.swift; path = RoundedCornerButton.swift; sourceTree = "<group>"; };
		BA79B9001D6777EE001C1C2F /* RoundedCornerView.swift */ = {isa = PBXFileReference; fileEncoding = 4; lastKnownFileType = sourcecode.swift; path = RoundedCornerView.swift; sourceTree = "<group>"; };
		BA79B9011D6777EE001C1C2F /* RoundImageView.swift */ = {isa = PBXFileReference; fileEncoding = 4; lastKnownFileType = sourcecode.swift; path = RoundImageView.swift; sourceTree = "<group>"; };
		BA79B9021D6777EE001C1C2F /* SelectableButton.swift */ = {isa = PBXFileReference; fileEncoding = 4; lastKnownFileType = sourcecode.swift; path = SelectableButton.swift; sourceTree = "<group>"; };
		BA79B9041D6777EE001C1C2F /* StackedButton.swift */ = {isa = PBXFileReference; fileEncoding = 4; lastKnownFileType = sourcecode.swift; path = StackedButton.swift; sourceTree = "<group>"; };
		BAEFDE1F1D6A20BC00481FD0 /* BetterSlider.swift */ = {isa = PBXFileReference; fileEncoding = 4; lastKnownFileType = sourcecode.swift; path = BetterSlider.swift; sourceTree = "<group>"; };
		BAEFDE211D6A215900481FD0 /* UIView+Image.swift */ = {isa = PBXFileReference; fileEncoding = 4; lastKnownFileType = sourcecode.swift; path = "UIView+Image.swift"; sourceTree = "<group>"; };
/* End PBXFileReference section */

/* Begin PBXFrameworksBuildPhase section */
		BA79B8E31D67779E001C1C2F /* Frameworks */ = {
			isa = PBXFrameworksBuildPhase;
			buildActionMask = 2147483647;
			files = (
			);
			runOnlyForDeploymentPostprocessing = 0;
		};
/* End PBXFrameworksBuildPhase section */

/* Begin PBXGroup section */
		BA79B8DD1D67779E001C1C2F = {
			isa = PBXGroup;
			children = (
				BA79B8E81D67779E001C1C2F /* CustomControls */,
				BA79B8E71D67779E001C1C2F /* Products */,
			);
			sourceTree = "<group>";
		};
		BA79B8E71D67779E001C1C2F /* Products */ = {
			isa = PBXGroup;
			children = (
				BA79B8E61D67779E001C1C2F /* CustomControls.app */,
			);
			name = Products;
			sourceTree = "<group>";
		};
		BA79B8E81D67779E001C1C2F /* CustomControls */ = {
			isa = PBXGroup;
			children = (
				BA79B8E91D67779E001C1C2F /* AppDelegate.swift */,
				BA79B8EB1D67779E001C1C2F /* ViewController.swift */,
				BA79B8ED1D67779E001C1C2F /* Main.storyboard */,
				BA79B8F01D67779E001C1C2F /* Assets.xcassets */,
				BA79B8F21D67779E001C1C2F /* LaunchScreen.storyboard */,
				BA79B8F51D67779E001C1C2F /* Info.plist */,
				BA79B8FF1D6777EE001C1C2F /* RoundedCornerButton.swift */,
				BA79B9001D6777EE001C1C2F /* RoundedCornerView.swift */,
				BA79B9011D6777EE001C1C2F /* RoundImageView.swift */,
				BA79B8FB1D6777EE001C1C2F /* BorderedTextView.swift */,
				BA79B8FE1D6777EE001C1C2F /* PlaceholderTextView.swift */,
				BA79B9021D6777EE001C1C2F /* SelectableButton.swift */,
				BA79B9041D6777EE001C1C2F /* StackedButton.swift */,
				BAEFDE1F1D6A20BC00481FD0 /* BetterSlider.swift */,
				BAEFDE211D6A215900481FD0 /* UIView+Image.swift */,
			);
			path = CustomControls;
			sourceTree = "<group>";
		};
/* End PBXGroup section */

/* Begin PBXNativeTarget section */
		BA79B8E51D67779E001C1C2F /* CustomControls */ = {
			isa = PBXNativeTarget;
			buildConfigurationList = BA79B8F81D67779E001C1C2F /* Build configuration list for PBXNativeTarget "CustomControls" */;
			buildPhases = (
				BA79B8E21D67779E001C1C2F /* Sources */,
				BA79B8E31D67779E001C1C2F /* Frameworks */,
				BA79B8E41D67779E001C1C2F /* Resources */,
			);
			buildRules = (
			);
			dependencies = (
			);
			name = CustomControls;
			productName = CustomControls;
			productReference = BA79B8E61D67779E001C1C2F /* CustomControls.app */;
			productType = "com.apple.product-type.application";
		};
/* End PBXNativeTarget section */

/* Begin PBXProject section */
		BA79B8DE1D67779E001C1C2F /* Project object */ = {
			isa = PBXProject;
			attributes = {
				LastSwiftUpdateCheck = 0730;
				LastUpgradeCheck = 0730;
				ORGANIZATIONNAME = "HCA, Inc.";
				TargetAttributes = {
					BA79B8E51D67779E001C1C2F = {
						CreatedOnToolsVersion = 7.3.1;
						LastSwiftMigration = 0810;
					};
				};
			};
			buildConfigurationList = BA79B8E11D67779E001C1C2F /* Build configuration list for PBXProject "CustomControls" */;
			compatibilityVersion = "Xcode 3.2";
			developmentRegion = English;
			hasScannedForEncodings = 0;
			knownRegions = (
				en,
				Base,
			);
			mainGroup = BA79B8DD1D67779E001C1C2F;
			productRefGroup = BA79B8E71D67779E001C1C2F /* Products */;
			projectDirPath = "";
			projectRoot = "";
			targets = (
				BA79B8E51D67779E001C1C2F /* CustomControls */,
			);
		};
/* End PBXProject section */

/* Begin PBXResourcesBuildPhase section */
		BA79B8E41D67779E001C1C2F /* Resources */ = {
			isa = PBXResourcesBuildPhase;
			buildActionMask = 2147483647;
			files = (
				BA79B8F41D67779E001C1C2F /* LaunchScreen.storyboard in Resources */,
				BA79B8F11D67779E001C1C2F /* Assets.xcassets in Resources */,
				BA79B8EF1D67779E001C1C2F /* Main.storyboard in Resources */,
			);
			runOnlyForDeploymentPostprocessing = 0;
		};
/* End PBXResourcesBuildPhase section */

/* Begin PBXSourcesBuildPhase section */
		BA79B8E21D67779E001C1C2F /* Sources */ = {
			isa = PBXSourcesBuildPhase;
			buildActionMask = 2147483647;
			files = (
				BAEFDE221D6A215900481FD0 /* UIView+Image.swift in Sources */,
				BA79B8EC1D67779E001C1C2F /* ViewController.swift in Sources */,
				BA79B9051D6777EE001C1C2F /* BorderedTextView.swift in Sources */,
				BA79B90C1D6777EE001C1C2F /* SelectableButton.swift in Sources */,
				BA79B9081D6777EE001C1C2F /* PlaceholderTextView.swift in Sources */,
				BAEFDE201D6A20BC00481FD0 /* BetterSlider.swift in Sources */,
				BA79B9091D6777EE001C1C2F /* RoundedCornerButton.swift in Sources */,
				BA79B8EA1D67779E001C1C2F /* AppDelegate.swift in Sources */,
				BA79B90E1D6777EE001C1C2F /* StackedButton.swift in Sources */,
				BA79B90A1D6777EE001C1C2F /* RoundedCornerView.swift in Sources */,
				BA79B90B1D6777EE001C1C2F /* RoundImageView.swift in Sources */,
			);
			runOnlyForDeploymentPostprocessing = 0;
		};
/* End PBXSourcesBuildPhase section */

/* Begin PBXVariantGroup section */
		BA79B8ED1D67779E001C1C2F /* Main.storyboard */ = {
			isa = PBXVariantGroup;
			children = (
				BA79B8EE1D67779E001C1C2F /* Base */,
			);
			name = Main.storyboard;
			sourceTree = "<group>";
		};
		BA79B8F21D67779E001C1C2F /* LaunchScreen.storyboard */ = {
			isa = PBXVariantGroup;
			children = (
				BA79B8F31D67779E001C1C2F /* Base */,
			);
			name = LaunchScreen.storyboard;
			sourceTree = "<group>";
		};
/* End PBXVariantGroup section */

/* Begin XCBuildConfiguration section */
		BA79B8F61D67779E001C1C2F /* Debug */ = {
			isa = XCBuildConfiguration;
			buildSettings = {
				ALWAYS_SEARCH_USER_PATHS = NO;
				CLANG_ANALYZER_NONNULL = YES;
				CLANG_CXX_LANGUAGE_STANDARD = "gnu++0x";
				CLANG_CXX_LIBRARY = "libc++";
				CLANG_ENABLE_MODULES = YES;
				CLANG_ENABLE_OBJC_ARC = YES;
				CLANG_WARN_BOOL_CONVERSION = YES;
				CLANG_WARN_CONSTANT_CONVERSION = YES;
				CLANG_WARN_DIRECT_OBJC_ISA_USAGE = YES_ERROR;
				CLANG_WARN_EMPTY_BODY = YES;
				CLANG_WARN_ENUM_CONVERSION = YES;
				CLANG_WARN_INT_CONVERSION = YES;
				CLANG_WARN_OBJC_ROOT_CLASS = YES_ERROR;
				CLANG_WARN_UNREACHABLE_CODE = YES;
				CLANG_WARN__DUPLICATE_METHOD_MATCH = YES;
				"CODE_SIGN_IDENTITY[sdk=iphoneos*]" = "iPhone Developer";
				COPY_PHASE_STRIP = NO;
				DEBUG_INFORMATION_FORMAT = dwarf;
				ENABLE_STRICT_OBJC_MSGSEND = YES;
				ENABLE_TESTABILITY = YES;
				GCC_C_LANGUAGE_STANDARD = gnu99;
				GCC_DYNAMIC_NO_PIC = NO;
				GCC_NO_COMMON_BLOCKS = YES;
				GCC_OPTIMIZATION_LEVEL = 0;
				GCC_PREPROCESSOR_DEFINITIONS = (
					"DEBUG=1",
					"$(inherited)",
				);
				GCC_WARN_64_TO_32_BIT_CONVERSION = YES;
				GCC_WARN_ABOUT_RETURN_TYPE = YES_ERROR;
				GCC_WARN_UNDECLARED_SELECTOR = YES;
				GCC_WARN_UNINITIALIZED_AUTOS = YES_AGGRESSIVE;
				GCC_WARN_UNUSED_FUNCTION = YES;
				GCC_WARN_UNUSED_VARIABLE = YES;
				IPHONEOS_DEPLOYMENT_TARGET = 9.3;
				MTL_ENABLE_DEBUG_INFO = YES;
				ONLY_ACTIVE_ARCH = YES;
				SDKROOT = iphoneos;
				SWIFT_OPTIMIZATION_LEVEL = "-Onone";
				TARGETED_DEVICE_FAMILY = "1,2";
			};
			name = Debug;
		};
		BA79B8F71D67779E001C1C2F /* Release */ = {
			isa = XCBuildConfiguration;
			buildSettings = {
				ALWAYS_SEARCH_USER_PATHS = NO;
				CLANG_ANALYZER_NONNULL = YES;
				CLANG_CXX_LANGUAGE_STANDARD = "gnu++0x";
				CLANG_CXX_LIBRARY = "libc++";
				CLANG_ENABLE_MODULES = YES;
				CLANG_ENABLE_OBJC_ARC = YES;
				CLANG_WARN_BOOL_CONVERSION = YES;
				CLANG_WARN_CONSTANT_CONVERSION = YES;
				CLANG_WARN_DIRECT_OBJC_ISA_USAGE = YES_ERROR;
				CLANG_WARN_EMPTY_BODY = YES;
				CLANG_WARN_ENUM_CONVERSION = YES;
				CLANG_WARN_INT_CONVERSION = YES;
				CLANG_WARN_OBJC_ROOT_CLASS = YES_ERROR;
				CLANG_WARN_UNREACHABLE_CODE = YES;
				CLANG_WARN__DUPLICATE_METHOD_MATCH = YES;
				"CODE_SIGN_IDENTITY[sdk=iphoneos*]" = "iPhone Developer";
				COPY_PHASE_STRIP = NO;
				DEBUG_INFORMATION_FORMAT = "dwarf-with-dsym";
				ENABLE_NS_ASSERTIONS = NO;
				ENABLE_STRICT_OBJC_MSGSEND = YES;
				GCC_C_LANGUAGE_STANDARD = gnu99;
				GCC_NO_COMMON_BLOCKS = YES;
				GCC_WARN_64_TO_32_BIT_CONVERSION = YES;
				GCC_WARN_ABOUT_RETURN_TYPE = YES_ERROR;
				GCC_WARN_UNDECLARED_SELECTOR = YES;
				GCC_WARN_UNINITIALIZED_AUTOS = YES_AGGRESSIVE;
				GCC_WARN_UNUSED_FUNCTION = YES;
				GCC_WARN_UNUSED_VARIABLE = YES;
				IPHONEOS_DEPLOYMENT_TARGET = 9.3;
				MTL_ENABLE_DEBUG_INFO = NO;
				SDKROOT = iphoneos;
				TARGETED_DEVICE_FAMILY = "1,2";
				VALIDATE_PRODUCT = YES;
			};
			name = Release;
		};
		BA79B8F91D67779E001C1C2F /* Debug */ = {
			isa = XCBuildConfiguration;
			buildSettings = {
				ASSETCATALOG_COMPILER_APPICON_NAME = AppIcon;
				INFOPLIST_FILE = CustomControls/Info.plist;
				LD_RUNPATH_SEARCH_PATHS = "$(inherited) @executable_path/Frameworks";
				PRODUCT_BUNDLE_IDENTIFIER = com.360iDev.CustomControls;
				PRODUCT_NAME = "$(TARGET_NAME)";
				SWIFT_VERSION = 3.0;
			};
			name = Debug;
		};
		BA79B8FA1D67779E001C1C2F /* Release */ = {
			isa = XCBuildConfiguration;
			buildSettings = {
				ASSETCATALOG_COMPILER_APPICON_NAME = AppIcon;
				INFOPLIST_FILE = CustomControls/Info.plist;
				LD_RUNPATH_SEARCH_PATHS = "$(inherited) @executable_path/Frameworks";
				PRODUCT_BUNDLE_IDENTIFIER = com.360iDev.CustomControls;
				PRODUCT_NAME = "$(TARGET_NAME)";
				SWIFT_VERSION = 3.0;
			};
			name = Release;
		};
/* End XCBuildConfiguration section */

/* Begin XCConfigurationList section */
		BA79B8E11D67779E001C1C2F /* Build configuration list for PBXProject "CustomControls" */ = {
			isa = XCConfigurationList;
			buildConfigurations = (
				BA79B8F61D67779E001C1C2F /* Debug */,
				BA79B8F71D67779E001C1C2F /* Release */,
			);
			defaultConfigurationIsVisible = 0;
			defaultConfigurationName = Release;
		};
		BA79B8F81D67779E001C1C2F /* Build configuration list for PBXNativeTarget "CustomControls" */ = {
			isa = XCConfigurationList;
			buildConfigurations = (
				BA79B8F91D67779E001C1C2F /* Debug */,
				BA79B8FA1D67779E001C1C2F /* Release */,
			);
			defaultConfigurationIsVisible = 0;
			defaultConfigurationName = Release;
		};
/* End XCConfigurationList section */
	};
	rootObject = BA79B8DE1D67779E001C1C2F /* Project object */;
}
